
Microsoft Visual Studio Solution File, Format Version 12.00
# Visual Studio Version 17
VisualStudioVersion = 17.6.33815.320
MinimumVisualStudioVersion = 10.0.40219.1
Project("{9A19103F-16F7-4668-BE54-9A1E7A4F7556}") = "Entities", "Entities\Entities.csproj", "{61FA27DF-B715-4A64-BBBD-D1BD9260E4F1}"
EndProject
Project("{2150E333-8FDC-42A3-9474-1A3956D46DE8}") = "1 - APRESENTACAO", "1 - APRESENTACAO", "{8362A91A-837D-4B5B-AC31-795427FB9C2B}"
EndProject
Project("{2150E333-8FDC-42A3-9474-1A3956D46DE8}") = "2 - DOMINIO", "2 - DOMINIO", "{251F13FF-AEE0-41B0-A110-9E8CBAF9BF86}"
EndProject
Project("{2150E333-8FDC-42A3-9474-1A3956D46DE8}") = "3 - INFRAESTRUTURA", "3 - INFRAESTRUTURA", "{ACAE3EBB-1635-4499-ABD9-72A52F94869D}"
EndProject
Project("{2150E333-8FDC-42A3-9474-1A3956D46DE8}") = "4 - ENTIDADES", "4 - ENTIDADES", "{526657C6-624F-4DC2-B9A6-18E3F843488F}"
EndProject
Project("{2150E333-8FDC-42A3-9474-1A3956D46DE8}") = "HELPERS", "HELPERS", "{795F24BA-325E-4A9F-90B5-925B18CEAE40}"
EndProject
Project("{9A19103F-16F7-4668-BE54-9A1E7A4F7556}") = "Helpers", "Helpers\Helpers.csproj", "{A0AAA513-49F2-4958-B7CE-3D4FE057A2F4}"
EndProject
Project("{9A19103F-16F7-4668-BE54-9A1E7A4F7556}") = "Infra", "Infra\Infra.csproj", "{0FE58667-4A33-49CF-904D-C47C1D49D0DB}"
EndProject
Project("{9A19103F-16F7-4668-BE54-9A1E7A4F7556}") = "Domain", "Domain\Domain.csproj", "{A44722E9-5920-4A86-A2FF-FCDB6D01E429}"
EndProject
Project("{9A19103F-16F7-4668-BE54-9A1E7A4F7556}") = "WebApi", "WebApi\WebApi.csproj", "{A4632D94-D897-41FC-922A-9639EA7856ED}"
	ProjectSection(ProjectDependencies) = postProject
		{0FE58667-4A33-49CF-904D-C47C1D49D0DB} = {0FE58667-4A33-49CF-904D-C47C1D49D0DB}
		{61FA27DF-B715-4A64-BBBD-D1BD9260E4F1} = {61FA27DF-B715-4A64-BBBD-D1BD9260E4F1}
	EndProjectSection
EndProject
Global
	GlobalSection(SolutionConfigurationPlatforms) = preSolution
		Debug|Any CPU = Debug|Any CPU
		Release|Any CPU = Release|Any CPU
	EndGlobalSection
	GlobalSection(ProjectConfigurationPlatforms) = postSolution
		{61FA27DF-B715-4A64-BBBD-D1BD9260E4F1}.Debug|Any CPU.ActiveCfg = Debug|Any CPU
		{61FA27DF-B715-4A64-BBBD-D1BD9260E4F1}.Debug|Any CPU.Build.0 = Debug|Any CPU
		{61FA27DF-B715-4A64-BBBD-D1BD9260E4F1}.Release|Any CPU.ActiveCfg = Release|Any CPU
		{61FA27DF-B715-4A64-BBBD-D1BD9260E4F1}.Release|Any CPU.Build.0 = Release|Any CPU
		{A0AAA513-49F2-4958-B7CE-3D4FE057A2F4}.Debug|Any CPU.ActiveCfg = Debug|Any CPU
		{A0AAA513-49F2-4958-B7CE-3D4FE057A2F4}.Debug|Any CPU.Build.0 = Debug|Any CPU
		{A0AAA513-49F2-4958-B7CE-3D4FE057A2F4}.Release|Any CPU.ActiveCfg = Release|Any CPU
		{A0AAA513-49F2-4958-B7CE-3D4FE057A2F4}.Release|Any CPU.Build.0 = Release|Any CPU
		{0FE58667-4A33-49CF-904D-C47C1D49D0DB}.Debug|Any CPU.ActiveCfg = Debug|Any CPU
		{0FE58667-4A33-49CF-904D-C47C1D49D0DB}.Debug|Any CPU.Build.0 = Debug|Any CPU
		{0FE58667-4A33-49CF-904D-C47C1D49D0DB}.Release|Any CPU.ActiveCfg = Release|Any CPU
		{0FE58667-4A33-49CF-904D-C47C1D49D0DB}.Release|Any CPU.Build.0 = Release|Any CPU
		{A44722E9-5920-4A86-A2FF-FCDB6D01E429}.Debug|Any CPU.ActiveCfg = Debug|Any CPU
		{A44722E9-5920-4A86-A2FF-FCDB6D01E429}.Debug|Any CPU.Build.0 = Debug|Any CPU
		{A44722E9-5920-4A86-A2FF-FCDB6D01E429}.Release|Any CPU.ActiveCfg = Release|Any CPU
		{A44722E9-5920-4A86-A2FF-FCDB6D01E429}.Release|Any CPU.Build.0 = Release|Any CPU
		{A4632D94-D897-41FC-922A-9639EA7856ED}.Debug|Any CPU.ActiveCfg = Debug|Any CPU
		{A4632D94-D897-41FC-922A-9639EA7856ED}.Debug|Any CPU.Build.0 = Debug|Any CPU
		{A4632D94-D897-41FC-922A-9639EA7856ED}.Release|Any CPU.ActiveCfg = Release|Any CPU
		{A4632D94-D897-41FC-922A-9639EA7856ED}.Release|Any CPU.Build.0 = Release|Any CPU
	EndGlobalSection
	GlobalSection(SolutionProperties) = preSolution
		HideSolutionNode = FALSE
	EndGlobalSection
	GlobalSection(NestedProjects) = preSolution
		{61FA27DF-B715-4A64-BBBD-D1BD9260E4F1} = {526657C6-624F-4DC2-B9A6-18E3F843488F}
		{A0AAA513-49F2-4958-B7CE-3D4FE057A2F4} = {795F24BA-325E-4A9F-90B5-925B18CEAE40}
		{0FE58667-4A33-49CF-904D-C47C1D49D0DB} = {ACAE3EBB-1635-4499-ABD9-72A52F94869D}
		{A44722E9-5920-4A86-A2FF-FCDB6D01E429} = {251F13FF-AEE0-41B0-A110-9E8CBAF9BF86}
		{A4632D94-D897-41FC-922A-9639EA7856ED} = {8362A91A-837D-4B5B-AC31-795427FB9C2B}
	EndGlobalSection
	GlobalSection(ExtensibilityGlobals) = postSolution
		SolutionGuid = {057B68AF-C861-4AFB-9F1E-6A088B628416}
	EndGlobalSection
EndGlobal
